
Microsoft Visual Studio Solution File, Format Version 12.00
# Visual Studio Version 16
VisualStudioVersion = 16.0.29418.71
MinimumVisualStudioVersion = 10.0.40219.1
Project("{9A19103F-16F7-4668-BE54-9A1E7A4F7556}") = "DataAccess", "DataAccess\DataAccess.csproj", "{10D66341-BB60-43DE-8F0E-6F152211FD75}"
EndProject
Project("{9A19103F-16F7-4668-BE54-9A1E7A4F7556}") = "Client", "Client\Client.csproj", "{0F2FF76A-551D-40A6-8D2C-30DEDB14C528}"
EndProject
Project("{9A19103F-16F7-4668-BE54-9A1E7A4F7556}") = "DataAccess.Test.NUnit", "DataAccess.Test.NUnit\DataAccess.Test.NUnit.csproj", "{B8AAD2A2-E01C-4E64-B4E6-16BE5D7C6688}"
EndProject
Global
	GlobalSection(SolutionConfigurationPlatforms) = preSolution
		Debug|Any CPU = Debug|Any CPU
		Release|Any CPU = Release|Any CPU
	EndGlobalSection
	GlobalSection(ProjectConfigurationPlatforms) = postSolution
		{10D66341-BB60-43DE-8F0E-6F152211FD75}.Debug|Any CPU.ActiveCfg = Debug|Any CPU
		{10D66341-BB60-43DE-8F0E-6F152211FD75}.Debug|Any CPU.Build.0 = Debug|Any CPU
		{10D66341-BB60-43DE-8F0E-6F152211FD75}.Release|Any CPU.ActiveCfg = Release|Any CPU
		{10D66341-BB60-43DE-8F0E-6F152211FD75}.Release|Any CPU.Build.0 = Release|Any CPU
		{0F2FF76A-551D-40A6-8D2C-30DEDB14C528}.Debug|Any CPU.ActiveCfg = Debug|Any CPU
		{0F2FF76A-551D-40A6-8D2C-30DEDB14C528}.Debug|Any CPU.Build.0 = Debug|Any CPU
		{0F2FF76A-551D-40A6-8D2C-30DEDB14C528}.Release|Any CPU.ActiveCfg = Release|Any CPU
		{0F2FF76A-551D-40A6-8D2C-30DEDB14C528}.Release|Any CPU.Build.0 = Release|Any CPU
		{B8AAD2A2-E01C-4E64-B4E6-16BE5D7C6688}.Debug|Any CPU.ActiveCfg = Debug|Any CPU
		{B8AAD2A2-E01C-4E64-B4E6-16BE5D7C6688}.Debug|Any CPU.Build.0 = Debug|Any CPU
		{B8AAD2A2-E01C-4E64-B4E6-16BE5D7C6688}.Release|Any CPU.ActiveCfg = Release|Any CPU
		{B8AAD2A2-E01C-4E64-B4E6-16BE5D7C6688}.Release|Any CPU.Build.0 = Release|Any CPU
	EndGlobalSection
	GlobalSection(SolutionProperties) = preSolution
		HideSolutionNode = FALSE
	EndGlobalSection
	GlobalSection(ExtensibilityGlobals) = postSolution
		SolutionGuid = {FAD70E4F-0FD3-4CEA-A4C8-EEDFA381321B}
	EndGlobalSection
EndGlobal
